
Microsoft Visual Studio Solution File, Format Version 12.00
# Visual Studio Version 17
VisualStudioVersion = 17.5.33414.496
MinimumVisualStudioVersion = 10.0.40219.1
Project("{FAE04EC0-301F-11D3-BF4B-00C04F79EFBC}") = "ConsoleApp3", "ConsoleApp3\ConsoleApp3.csproj", "{68CA8A45-A381-4ADC-A69B-4D82BAAE0036}"
EndProject
Global
	GlobalSection(SolutionConfigurationPlatforms) = preSolution
		Debug|Any CPU = Debug|Any CPU
		Release|Any CPU = Release|Any CPU
	EndGlobalSection
	GlobalSection(ProjectConfigurationPlatforms) = postSolution
		{68CA8A45-A381-4ADC-A69B-4D82BAAE0036}.Debug|Any CPU.ActiveCfg = Debug|Any CPU
		{68CA8A45-A381-4ADC-A69B-4D82BAAE0036}.Debug|Any CPU.Build.0 = Debug|Any CPU
		{68CA8A45-A381-4ADC-A69B-4D82BAAE0036}.Release|Any CPU.ActiveCfg = Release|Any CPU
		{68CA8A45-A381-4ADC-A69B-4D82BAAE0036}.Release|Any CPU.Build.0 = Release|Any CPU
	EndGlobalSection
	GlobalSection(SolutionProperties) = preSolution
		HideSolutionNode = FALSE
	EndGlobalSection
	GlobalSection(ExtensibilityGlobals) = postSolution
		SolutionGuid = {369201E4-4B71-4126-968F-8E5826AFF323}
	EndGlobalSection
EndGlobal
